
Microsoft Visual Studio Solution File, Format Version 12.00
# Visual Studio 14
VisualStudioVersion = 14.0.25420.1
MinimumVisualStudioVersion = 10.0.40219.1
Project("{FAE04EC0-301F-11D3-BF4B-00C04F79EFBC}") = "Encryption.App", "Encryption.App.csproj", "{26155F69-F5F8-4B7F-868C-B4BBBCABBAD7}"
EndProject
Project("{FAE04EC0-301F-11D3-BF4B-00C04F79EFBC}") = "Krypting4Net", "..\KryptingForNet\Krypting4Net.csproj", "{D417871D-13B8-4DE7-BBAC-23107CD2560F}"
EndProject
Global
	GlobalSection(SolutionConfigurationPlatforms) = preSolution
		Debug|Any CPU = Debug|Any CPU
		Debug|x86 = Debug|x86
		Release|Any CPU = Release|Any CPU
		Release|x86 = Release|x86
	EndGlobalSection
	GlobalSection(ProjectConfigurationPlatforms) = postSolution
		{26155F69-F5F8-4B7F-868C-B4BBBCABBAD7}.Debug|Any CPU.ActiveCfg = Debug|x86
		{26155F69-F5F8-4B7F-868C-B4BBBCABBAD7}.Debug|x86.ActiveCfg = Debug|x86
		{26155F69-F5F8-4B7F-868C-B4BBBCABBAD7}.Debug|x86.Build.0 = Debug|x86
		{26155F69-F5F8-4B7F-868C-B4BBBCABBAD7}.Release|Any CPU.ActiveCfg = Release|x86
		{26155F69-F5F8-4B7F-868C-B4BBBCABBAD7}.Release|x86.ActiveCfg = Release|x86
		{26155F69-F5F8-4B7F-868C-B4BBBCABBAD7}.Release|x86.Build.0 = Release|x86
		{D417871D-13B8-4DE7-BBAC-23107CD2560F}.Debug|Any CPU.ActiveCfg = Debug|Any CPU
		{D417871D-13B8-4DE7-BBAC-23107CD2560F}.Debug|Any CPU.Build.0 = Debug|Any CPU
		{D417871D-13B8-4DE7-BBAC-23107CD2560F}.Debug|x86.ActiveCfg = Debug|Any CPU
		{D417871D-13B8-4DE7-BBAC-23107CD2560F}.Debug|x86.Build.0 = Debug|Any CPU
		{D417871D-13B8-4DE7-BBAC-23107CD2560F}.Release|Any CPU.ActiveCfg = Release|Any CPU
		{D417871D-13B8-4DE7-BBAC-23107CD2560F}.Release|Any CPU.Build.0 = Release|Any CPU
		{D417871D-13B8-4DE7-BBAC-23107CD2560F}.Release|x86.ActiveCfg = Release|Any CPU
		{D417871D-13B8-4DE7-BBAC-23107CD2560F}.Release|x86.Build.0 = Release|Any CPU
	EndGlobalSection
	GlobalSection(SolutionProperties) = preSolution
		HideSolutionNode = FALSE
	EndGlobalSection
	GlobalSection(TeamFoundationVersionControl) = preSolution
		SccNumberOfProjects = 1
		SccEnterpriseProvider = {4CA58AB2-18FA-4F8D-95D4-32DDF27D184C}
		SccTeamFoundationServer = http://mizappp02:8080/tfs/mcbsprojectcollection
		SccProjectUniqueName0 = Encryption.App.csproj
		SccProjectName0 = .
		SccAuxPath0 = http://mizappp02:8080/tfs/mcbsprojectcollection
		SccLocalPath0 = .
		SccProvider0 = {4CA58AB2-18FA-4F8D-95D4-32DDF27D184C}
	EndGlobalSection
EndGlobal
